// !$*UTF8*$!
{
	archiveVersion = 1;
	classes = {
	};
	objectVersion = 50;
	objects = {

/* Begin PBXBuildFile section */
		EA71948525F399D100C8CA7E /* AppDelegate.swift in Sources */ = {isa = PBXBuildFile; fileRef = EA71948425F399D100C8CA7E /* AppDelegate.swift */; };
		EA71948725F399D100C8CA7E /* SceneDelegate.swift in Sources */ = {isa = PBXBuildFile; fileRef = EA71948625F399D100C8CA7E /* SceneDelegate.swift */; };
		EA71948925F399D100C8CA7E /* ViewController.swift in Sources */ = {isa = PBXBuildFile; fileRef = EA71948825F399D100C8CA7E /* ViewController.swift */; };
		EA71948C25F399D100C8CA7E /* Main.storyboard in Resources */ = {isa = PBXBuildFile; fileRef = EA71948A25F399D100C8CA7E /* Main.storyboard */; };
		EA71948E25F399D200C8CA7E /* Assets.xcassets in Resources */ = {isa = PBXBuildFile; fileRef = EA71948D25F399D200C8CA7E /* Assets.xcassets */; };
		EA71949125F399D200C8CA7E /* LaunchScreen.storyboard in Resources */ = {isa = PBXBuildFile; fileRef = EA71948F25F399D200C8CA7E /* LaunchScreen.storyboard */; };
		EA71949C25F399D200C8CA7E /* FalconBrickDemoTests.swift in Sources */ = {isa = PBXBuildFile; fileRef = EA71949B25F399D200C8CA7E /* FalconBrickDemoTests.swift */; };
		EA7194A725F399D200C8CA7E /* FalconBrickDemoUITests.swift in Sources */ = {isa = PBXBuildFile; fileRef = EA7194A625F399D200C8CA7E /* FalconBrickDemoUITests.swift */; };
/* End PBXBuildFile section */

/* Begin PBXContainerItemProxy section */
		EA71949825F399D200C8CA7E /* PBXContainerItemProxy */ = {
			isa = PBXContainerItemProxy;
			containerPortal = EA71947925F399D100C8CA7E /* Project object */;
			proxyType = 1;
			remoteGlobalIDString = EA71948025F399D100C8CA7E;
			remoteInfo = FalconBrickDemo;
		};
		EA7194A325F399D200C8CA7E /* PBXContainerItemProxy */ = {
			isa = PBXContainerItemProxy;
			containerPortal = EA71947925F399D100C8CA7E /* Project object */;
			proxyType = 1;
			remoteGlobalIDString = EA71948025F399D100C8CA7E;
			remoteInfo = FalconBrickDemo;
		};
/* End PBXContainerItemProxy section */

/* Begin PBXFileReference section */
		EA71948125F399D100C8CA7E /* FalconBrickDemo.app */ = {isa = PBXFileReference; explicitFileType = wrapper.application; includeInIndex = 0; path = FalconBrickDemo.app; sourceTree = BUILT_PRODUCTS_DIR; };
		EA71948425F399D100C8CA7E /* AppDelegate.swift */ = {isa = PBXFileReference; lastKnownFileType = sourcecode.swift; path = AppDelegate.swift; sourceTree = "<group>"; };
		EA71948625F399D100C8CA7E /* SceneDelegate.swift */ = {isa = PBXFileReference; lastKnownFileType = sourcecode.swift; path = SceneDelegate.swift; sourceTree = "<group>"; };
		EA71948825F399D100C8CA7E /* ViewController.swift */ = {isa = PBXFileReference; lastKnownFileType = sourcecode.swift; path = ViewController.swift; sourceTree = "<group>"; };
		EA71948B25F399D100C8CA7E /* Base */ = {isa = PBXFileReference; lastKnownFileType = file.storyboard; name = Base; path = Base.lproj/Main.storyboard; sourceTree = "<group>"; };
		EA71948D25F399D200C8CA7E /* Assets.xcassets */ = {isa = PBXFileReference; lastKnownFileType = folder.assetcatalog; path = Assets.xcassets; sourceTree = "<group>"; };
		EA71949025F399D200C8CA7E /* Base */ = {isa = PBXFileReference; lastKnownFileType = file.storyboard; name = Base; path = Base.lproj/LaunchScreen.storyboard; sourceTree = "<group>"; };
		EA71949225F399D200C8CA7E /* Info.plist */ = {isa = PBXFileReference; lastKnownFileType = text.plist.xml; path = Info.plist; sourceTree = "<group>"; };
		EA71949725F399D200C8CA7E /* FalconBrickDemoTests.xctest */ = {isa = PBXFileReference; explicitFileType = wrapper.cfbundle; includeInIndex = 0; path = FalconBrickDemoTests.xctest; sourceTree = BUILT_PRODUCTS_DIR; };
		EA71949B25F399D200C8CA7E /* FalconBrickDemoTests.swift */ = {isa = PBXFileReference; lastKnownFileType = sourcecode.swift; path = FalconBrickDemoTests.swift; sourceTree = "<group>"; };
		EA71949D25F399D200C8CA7E /* Info.plist */ = {isa = PBXFileReference; lastKnownFileType = text.plist.xml; path = Info.plist; sourceTree = "<group>"; };
		EA7194A225F399D200C8CA7E /* FalconBrickDemoUITests.xctest */ = {isa = PBXFileReference; explicitFileType = wrapper.cfbundle; includeInIndex = 0; path = FalconBrickDemoUITests.xctest; sourceTree = BUILT_PRODUCTS_DIR; };
		EA7194A625F399D200C8CA7E /* FalconBrickDemoUITests.swift */ = {isa = PBXFileReference; lastKnownFileType = sourcecode.swift; path = FalconBrickDemoUITests.swift; sourceTree = "<group>"; };
		EA7194A825F399D200C8CA7E /* Info.plist */ = {isa = PBXFileReference; lastKnownFileType = text.plist.xml; path = Info.plist; sourceTree = "<group>"; };
/* End PBXFileReference section */

/* Begin PBXFrameworksBuildPhase section */
		EA71947E25F399D100C8CA7E /* Frameworks */ = {
			isa = PBXFrameworksBuildPhase;
			buildActionMask = 2147483647;
			files = (
			);
			runOnlyForDeploymentPostprocessing = 0;
		};
		EA71949425F399D200C8CA7E /* Frameworks */ = {
			isa = PBXFrameworksBuildPhase;
			buildActionMask = 2147483647;
			files = (
			);
			runOnlyForDeploymentPostprocessing = 0;
		};
		EA71949F25F399D200C8CA7E /* Frameworks */ = {
			isa = PBXFrameworksBuildPhase;
			buildActionMask = 2147483647;
			files = (
			);
			runOnlyForDeploymentPostprocessing = 0;
		};
/* End PBXFrameworksBuildPhase section */

/* Begin PBXGroup section */
		EA71947825F399D100C8CA7E = {
			isa = PBXGroup;
			children = (
				EA71948325F399D100C8CA7E /* FalconBrickDemo */,
				EA71949A25F399D200C8CA7E /* FalconBrickDemoTests */,
				EA7194A525F399D200C8CA7E /* FalconBrickDemoUITests */,
				EA71948225F399D100C8CA7E /* Products */,
			);
			sourceTree = "<group>";
		};
		EA71948225F399D100C8CA7E /* Products */ = {
			isa = PBXGroup;
			children = (
				EA71948125F399D100C8CA7E /* FalconBrickDemo.app */,
				EA71949725F399D200C8CA7E /* FalconBrickDemoTests.xctest */,
				EA7194A225F399D200C8CA7E /* FalconBrickDemoUITests.xctest */,
			);
			name = Products;
			sourceTree = "<group>";
		};
		EA71948325F399D100C8CA7E /* FalconBrickDemo */ = {
			isa = PBXGroup;
			children = (
				EA71948425F399D100C8CA7E /* AppDelegate.swift */,
				EA71948625F399D100C8CA7E /* SceneDelegate.swift */,
				EA71948825F399D100C8CA7E /* ViewController.swift */,
				EA71948A25F399D100C8CA7E /* Main.storyboard */,
				EA71948D25F399D200C8CA7E /* Assets.xcassets */,
				EA71948F25F399D200C8CA7E /* LaunchScreen.storyboard */,
				EA71949225F399D200C8CA7E /* Info.plist */,
			);
			path = FalconBrickDemo;
			sourceTree = "<group>";
		};
		EA71949A25F399D200C8CA7E /* FalconBrickDemoTests */ = {
			isa = PBXGroup;
			children = (
				EA71949B25F399D200C8CA7E /* FalconBrickDemoTests.swift */,
				EA71949D25F399D200C8CA7E /* Info.plist */,
			);
			path = FalconBrickDemoTests;
			sourceTree = "<group>";
		};
		EA7194A525F399D200C8CA7E /* FalconBrickDemoUITests */ = {
			isa = PBXGroup;
			children = (
				EA7194A625F399D200C8CA7E /* FalconBrickDemoUITests.swift */,
				EA7194A825F399D200C8CA7E /* Info.plist */,
			);
			path = FalconBrickDemoUITests;
			sourceTree = "<group>";
		};
/* End PBXGroup section */

/* Begin PBXNativeTarget section */
		EA71948025F399D100C8CA7E /* FalconBrickDemo */ = {
			isa = PBXNativeTarget;
			buildConfigurationList = EA7194AB25F399D200C8CA7E /* Build configuration list for PBXNativeTarget "FalconBrickDemo" */;
			buildPhases = (
				EA71947D25F399D100C8CA7E /* Sources */,
				EA71947E25F399D100C8CA7E /* Frameworks */,
				EA71947F25F399D100C8CA7E /* Resources */,
			);
			buildRules = (
			);
			dependencies = (
			);
			name = FalconBrickDemo;
			productName = FalconBrickDemo;
			productReference = EA71948125F399D100C8CA7E /* FalconBrickDemo.app */;
			productType = "com.apple.product-type.application";
		};
		EA71949625F399D200C8CA7E /* FalconBrickDemoTests */ = {
			isa = PBXNativeTarget;
			buildConfigurationList = EA7194AE25F399D200C8CA7E /* Build configuration list for PBXNativeTarget "FalconBrickDemoTests" */;
			buildPhases = (
				EA71949325F399D200C8CA7E /* Sources */,
				EA71949425F399D200C8CA7E /* Frameworks */,
				EA71949525F399D200C8CA7E /* Resources */,
			);
			buildRules = (
			);
			dependencies = (
				EA71949925F399D200C8CA7E /* PBXTargetDependency */,
			);
			name = FalconBrickDemoTests;
			productName = FalconBrickDemoTests;
			productReference = EA71949725F399D200C8CA7E /* FalconBrickDemoTests.xctest */;
			productType = "com.apple.product-type.bundle.unit-test";
		};
		EA7194A125F399D200C8CA7E /* FalconBrickDemoUITests */ = {
			isa = PBXNativeTarget;
			buildConfigurationList = EA7194B125F399D200C8CA7E /* Build configuration list for PBXNativeTarget "FalconBrickDemoUITests" */;
			buildPhases = (
				EA71949E25F399D200C8CA7E /* Sources */,
				EA71949F25F399D200C8CA7E /* Frameworks */,
				EA7194A025F399D200C8CA7E /* Resources */,
			);
			buildRules = (
			);
			dependencies = (
				EA7194A425F399D200C8CA7E /* PBXTargetDependency */,
			);
			name = FalconBrickDemoUITests;
			productName = FalconBrickDemoUITests;
			productReference = EA7194A225F399D200C8CA7E /* FalconBrickDemoUITests.xctest */;
			productType = "com.apple.product-type.bundle.ui-testing";
		};
/* End PBXNativeTarget section */

/* Begin PBXProject section */
		EA71947925F399D100C8CA7E /* Project object */ = {
			isa = PBXProject;
			attributes = {
				LastSwiftUpdateCheck = 1120;
				LastUpgradeCheck = 1120;
				ORGANIZATIONNAME = Girish;
				TargetAttributes = {
					EA71948025F399D100C8CA7E = {
						CreatedOnToolsVersion = 11.2.1;
					};
					EA71949625F399D200C8CA7E = {
						CreatedOnToolsVersion = 11.2.1;
						TestTargetID = EA71948025F399D100C8CA7E;
					};
					EA7194A125F399D200C8CA7E = {
						CreatedOnToolsVersion = 11.2.1;
						TestTargetID = EA71948025F399D100C8CA7E;
					};
				};
			};
			buildConfigurationList = EA71947C25F399D100C8CA7E /* Build configuration list for PBXProject "FalconBrickDemo" */;
			compatibilityVersion = "Xcode 9.3";
			developmentRegion = en;
			hasScannedForEncodings = 0;
			knownRegions = (
				en,
				Base,
			);
			mainGroup = EA71947825F399D100C8CA7E;
			productRefGroup = EA71948225F399D100C8CA7E /* Products */;
			projectDirPath = "";
			projectRoot = "";
			targets = (
				EA71948025F399D100C8CA7E /* FalconBrickDemo */,
				EA71949625F399D200C8CA7E /* FalconBrickDemoTests */,
				EA7194A125F399D200C8CA7E /* FalconBrickDemoUITests */,
			);
		};
/* End PBXProject section */

/* Begin PBXResourcesBuildPhase section */
		EA71947F25F399D100C8CA7E /* Resources */ = {
			isa = PBXResourcesBuildPhase;
			buildActionMask = 2147483647;
			files = (
				EA71949125F399D200C8CA7E /* LaunchScreen.storyboard in Resources */,
				EA71948E25F399D200C8CA7E /* Assets.xcassets in Resources */,
				EA71948C25F399D100C8CA7E /* Main.storyboard in Resources */,
			);
			runOnlyForDeploymentPostprocessing = 0;
		};
		EA71949525F399D200C8CA7E /* Resources */ = {
			isa = PBXResourcesBuildPhase;
			buildActionMask = 2147483647;
			files = (
			);
			runOnlyForDeploymentPostprocessing = 0;
		};
		EA7194A025F399D200C8CA7E /* Resources */ = {
			isa = PBXResourcesBuildPhase;
			buildActionMask = 2147483647;
			files = (
			);
			runOnlyForDeploymentPostprocessing = 0;
		};
/* End PBXResourcesBuildPhase section */

/* Begin PBXSourcesBuildPhase section */
		EA71947D25F399D100C8CA7E /* Sources */ = {
			isa = PBXSourcesBuildPhase;
			buildActionMask = 2147483647;
			files = (
				EA71948925F399D100C8CA7E /* ViewController.swift in Sources */,
				EA71948525F399D100C8CA7E /* AppDelegate.swift in Sources */,
				EA71948725F399D100C8CA7E /* SceneDelegate.swift in Sources */,
			);
			runOnlyForDeploymentPostprocessing = 0;
		};
		EA71949325F399D200C8CA7E /* Sources */ = {
			isa = PBXSourcesBuildPhase;
			buildActionMask = 2147483647;
			files = (
				EA71949C25F399D200C8CA7E /* FalconBrickDemoTests.swift in Sources */,
			);
			runOnlyForDeploymentPostprocessing = 0;
		};
		EA71949E25F399D200C8CA7E /* Sources */ = {
			isa = PBXSourcesBuildPhase;
			buildActionMask = 2147483647;
			files = (
				EA7194A725F399D200C8CA7E /* FalconBrickDemoUITests.swift in Sources */,
			);
			runOnlyForDeploymentPostprocessing = 0;
		};
/* End PBXSourcesBuildPhase section */

/* Begin PBXTargetDependency section */
		EA71949925F399D200C8CA7E /* PBXTargetDependency */ = {
			isa = PBXTargetDependency;
			target = EA71948025F399D100C8CA7E /* FalconBrickDemo */;
			targetProxy = EA71949825F399D200C8CA7E /* PBXContainerItemProxy */;
		};
		EA7194A425F399D200C8CA7E /* PBXTargetDependency */ = {
			isa = PBXTargetDependency;
			target = EA71948025F399D100C8CA7E /* FalconBrickDemo */;
			targetProxy = EA7194A325F399D200C8CA7E /* PBXContainerItemProxy */;
		};
/* End PBXTargetDependency section */

/* Begin PBXVariantGroup section */
		EA71948A25F399D100C8CA7E /* Main.storyboard */ = {
			isa = PBXVariantGroup;
			children = (
				EA71948B25F399D100C8CA7E /* Base */,
			);
			name = Main.storyboard;
			sourceTree = "<group>";
		};
		EA71948F25F399D200C8CA7E /* LaunchScreen.storyboard */ = {
			isa = PBXVariantGroup;
			children = (
				EA71949025F399D200C8CA7E /* Base */,
			);
			name = LaunchScreen.storyboard;
			sourceTree = "<group>";
		};
/* End PBXVariantGroup section */

/* Begin XCBuildConfiguration section */
		EA7194A925F399D200C8CA7E /* Debug */ = {
			isa = XCBuildConfiguration;
			buildSettings = {
				ALWAYS_SEARCH_USER_PATHS = NO;
				CLANG_ANALYZER_NONNULL = YES;
				CLANG_ANALYZER_NUMBER_OBJECT_CONVERSION = YES_AGGRESSIVE;
				CLANG_CXX_LANGUAGE_STANDARD = "gnu++14";
				CLANG_CXX_LIBRARY = "libc++";
				CLANG_ENABLE_MODULES = YES;
				CLANG_ENABLE_OBJC_ARC = YES;
				CLANG_ENABLE_OBJC_WEAK = YES;
				CLANG_WARN_BLOCK_CAPTURE_AUTORELEASING = YES;
				CLANG_WARN_BOOL_CONVERSION = YES;
				CLANG_WARN_COMMA = YES;
				CLANG_WARN_CONSTANT_CONVERSION = YES;
				CLANG_WARN_DEPRECATED_OBJC_IMPLEMENTATIONS = YES;
				CLANG_WARN_DIRECT_OBJC_ISA_USAGE = YES_ERROR;
				CLANG_WARN_DOCUMENTATION_COMMENTS = YES;
				CLANG_WARN_EMPTY_BODY = YES;
				CLANG_WARN_ENUM_CONVERSION = YES;
				CLANG_WARN_INFINITE_RECURSION = YES;
				CLANG_WARN_INT_CONVERSION = YES;
				CLANG_WARN_NON_LITERAL_NULL_CONVERSION = YES;
				CLANG_WARN_OBJC_IMPLICIT_RETAIN_SELF = YES;
				CLANG_WARN_OBJC_LITERAL_CONVERSION = YES;
				CLANG_WARN_OBJC_ROOT_CLASS = YES_ERROR;
				CLANG_WARN_RANGE_LOOP_ANALYSIS = YES;
				CLANG_WARN_STRICT_PROTOTYPES = YES;
				CLANG_WARN_SUSPICIOUS_MOVE = YES;
				CLANG_WARN_UNGUARDED_AVAILABILITY = YES_AGGRESSIVE;
				CLANG_WARN_UNREACHABLE_CODE = YES;
				CLANG_WARN__DUPLICATE_METHOD_MATCH = YES;
				COPY_PHASE_STRIP = NO;
				DEBUG_INFORMATION_FORMAT = dwarf;
				ENABLE_STRICT_OBJC_MSGSEND = YES;
				ENABLE_TESTABILITY = YES;
				GCC_C_LANGUAGE_STANDARD = gnu11;
				GCC_DYNAMIC_NO_PIC = NO;
				GCC_NO_COMMON_BLOCKS = YES;
				GCC_OPTIMIZATION_LEVEL = 0;
				GCC_PREPROCESSOR_DEFINITIONS = (
					"DEBUG=1",
					"$(inherited)",
				);
				GCC_WARN_64_TO_32_BIT_CONVERSION = YES;
				GCC_WARN_ABOUT_RETURN_TYPE = YES_ERROR;
				GCC_WARN_UNDECLARED_SELECTOR = YES;
				GCC_WARN_UNINITIALIZED_AUTOS = YES_AGGRESSIVE;
				GCC_WARN_UNUSED_FUNCTION = YES;
				GCC_WARN_UNUSED_VARIABLE = YES;
				IPHONEOS_DEPLOYMENT_TARGET = 13.2;
				MTL_ENABLE_DEBUG_INFO = INCLUDE_SOURCE;
				MTL_FAST_MATH = YES;
				ONLY_ACTIVE_ARCH = YES;
				SDKROOT = iphoneos;
				SWIFT_ACTIVE_COMPILATION_CONDITIONS = DEBUG;
				SWIFT_OPTIMIZATION_LEVEL = "-Onone";
			};
			name = Debug;
		};
		EA7194AA25F399D200C8CA7E /* Release */ = {
			isa = XCBuildConfiguration;
			buildSettings = {
				ALWAYS_SEARCH_USER_PATHS = NO;
				CLANG_ANALYZER_NONNULL = YES;
				CLANG_ANALYZER_NUMBER_OBJECT_CONVERSION = YES_AGGRESSIVE;
				CLANG_CXX_LANGUAGE_STANDARD = "gnu++14";
				CLANG_CXX_LIBRARY = "libc++";
				CLANG_ENABLE_MODULES = YES;
				CLANG_ENABLE_OBJC_ARC = YES;
				CLANG_ENABLE_OBJC_WEAK = YES;
				CLANG_WARN_BLOCK_CAPTURE_AUTORELEASING = YES;
				CLANG_WARN_BOOL_CONVERSION = YES;
				CLANG_WARN_COMMA = YES;
				CLANG_WARN_CONSTANT_CONVERSION = YES;
				CLANG_WARN_DEPRECATED_OBJC_IMPLEMENTATIONS = YES;
				CLANG_WARN_DIRECT_OBJC_ISA_USAGE = YES_ERROR;
				CLANG_WARN_DOCUMENTATION_COMMENTS = YES;
				CLANG_WARN_EMPTY_BODY = YES;
				CLANG_WARN_ENUM_CONVERSION = YES;
				CLANG_WARN_INFINITE_RECURSION = YES;
				CLANG_WARN_INT_CONVERSION = YES;
				CLANG_WARN_NON_LITERAL_NULL_CONVERSION = YES;
				CLANG_WARN_OBJC_IMPLICIT_RETAIN_SELF = YES;
				CLANG_WARN_OBJC_LITERAL_CONVERSION = YES;
				CLANG_WARN_OBJC_ROOT_CLASS = YES_ERROR;
				CLANG_WARN_RANGE_LOOP_ANALYSIS = YES;
				CLANG_WARN_STRICT_PROTOTYPES = YES;
				CLANG_WARN_SUSPICIOUS_MOVE = YES;
				CLANG_WARN_UNGUARDED_AVAILABILITY = YES_AGGRESSIVE;
				CLANG_WARN_UNREACHABLE_CODE = YES;
				CLANG_WARN__DUPLICATE_METHOD_MATCH = YES;
				COPY_PHASE_STRIP = NO;
				DEBUG_INFORMATION_FORMAT = "dwarf-with-dsym";
				ENABLE_NS_ASSERTIONS = NO;
				ENABLE_STRICT_OBJC_MSGSEND = YES;
				GCC_C_LANGUAGE_STANDARD = gnu11;
				GCC_NO_COMMON_BLOCKS = YES;
				GCC_WARN_64_TO_32_BIT_CONVERSION = YES;
				GCC_WARN_ABOUT_RETURN_TYPE = YES_ERROR;
				GCC_WARN_UNDECLARED_SELECTOR = YES;
				GCC_WARN_UNINITIALIZED_AUTOS = YES_AGGRESSIVE;
				GCC_WARN_UNUSED_FUNCTION = YES;
				GCC_WARN_UNUSED_VARIABLE = YES;
				IPHONEOS_DEPLOYMENT_TARGET = 13.2;
				MTL_ENABLE_DEBUG_INFO = NO;
				MTL_FAST_MATH = YES;
				SDKROOT = iphoneos;
				SWIFT_COMPILATION_MODE = wholemodule;
				SWIFT_OPTIMIZATION_LEVEL = "-O";
				VALIDATE_PRODUCT = YES;
			};
			name = Release;
		};
		EA7194AC25F399D200C8CA7E /* Debug */ = {
			isa = XCBuildConfiguration;
			buildSettings = {
				ASSETCATALOG_COMPILER_APPICON_NAME = AppIcon;
				CODE_SIGN_STYLE = Automatic;
				INFOPLIST_FILE = FalconBrickDemo/Info.plist;
				LD_RUNPATH_SEARCH_PATHS = (
					"$(inherited)",
					"@executable_path/Frameworks",
				);
				PRODUCT_BUNDLE_IDENTIFIER = com.OlaDemo.FalconBrickDemo;
				PRODUCT_NAME = "$(TARGET_NAME)";
				SWIFT_VERSION = 5.0;
				TARGETED_DEVICE_FAMILY = "1,2";
			};
			name = Debug;
		};
		EA7194AD25F399D200C8CA7E /* Release */ = {
			isa = XCBuildConfiguration;
			buildSettings = {
				ASSETCATALOG_COMPILER_APPICON_NAME = AppIcon;
				CODE_SIGN_STYLE = Automatic;
				INFOPLIST_FILE = FalconBrickDemo/Info.plist;
				LD_RUNPATH_SEARCH_PATHS = (
					"$(inherited)",
					"@executable_path/Frameworks",
				);
				PRODUCT_BUNDLE_IDENTIFIER = com.OlaDemo.FalconBrickDemo;
				PRODUCT_NAME = "$(TARGET_NAME)";
				SWIFT_VERSION = 5.0;
				TARGETED_DEVICE_FAMILY = "1,2";
			};
			name = Release;
		};
		EA7194AF25F399D200C8CA7E /* Debug */ = {
			isa = XCBuildConfiguration;
			buildSettings = {
				ALWAYS_EMBED_SWIFT_STANDARD_LIBRARIES = YES;
				BUNDLE_LOADER = "$(TEST_HOST)";
				CODE_SIGN_STYLE = Automatic;
				INFOPLIST_FILE = FalconBrickDemoTests/Info.plist;
				IPHONEOS_DEPLOYMENT_TARGET = 13.2;
				LD_RUNPATH_SEARCH_PATHS = (
					"$(inherited)",
					"@executable_path/Frameworks",
					"@loader_path/Frameworks",
				);
				PRODUCT_BUNDLE_IDENTIFIER = com.OlaDemo.FalconBrickDemoTests;
				PRODUCT_NAME = "$(TARGET_NAME)";
				SWIFT_VERSION = 5.0;
				TARGETED_DEVICE_FAMILY = "1,2";
				TEST_HOST = "$(BUILT_PRODUCTS_DIR)/FalconBrickDemo.app/FalconBrickDemo";
			};
			name = Debug;
		};
		EA7194B025F399D200C8CA7E /* Release */ = {
			isa = XCBuildConfiguration;
			buildSettings = {
				ALWAYS_EMBED_SWIFT_STANDARD_LIBRARIES = YES;
				BUNDLE_LOADER = "$(TEST_HOST)";
				CODE_SIGN_STYLE = Automatic;
				INFOPLIST_FILE = FalconBrickDemoTests/Info.plist;
				IPHONEOS_DEPLOYMENT_TARGET = 13.2;
				LD_RUNPATH_SEARCH_PATHS = (
					"$(inherited)",
					"@executable_path/Frameworks",
					"@loader_path/Frameworks",
				);
				PRODUCT_BUNDLE_IDENTIFIER = com.OlaDemo.FalconBrickDemoTests;
				PRODUCT_NAME = "$(TARGET_NAME)";
				SWIFT_VERSION = 5.0;
				TARGETED_DEVICE_FAMILY = "1,2";
				TEST_HOST = "$(BUILT_PRODUCTS_DIR)/FalconBrickDemo.app/FalconBrickDemo";
			};
			name = Release;
		};
		EA7194B225F399D200C8CA7E /* Debug */ = {
			isa = XCBuildConfiguration;
			buildSettings = {
				ALWAYS_EMBED_SWIFT_STANDARD_LIBRARIES = YES;
				CODE_SIGN_STYLE = Automatic;
				INFOPLIST_FILE = FalconBrickDemoUITests/Info.plist;
				LD_RUNPATH_SEARCH_PATHS = (
					"$(inherited)",
					"@executable_path/Frameworks",
					"@loader_path/Frameworks",
				);
				PRODUCT_BUNDLE_IDENTIFIER = com.OlaDemo.FalconBrickDemoUITests;
				PRODUCT_NAME = "$(TARGET_NAME)";
				SWIFT_VERSION = 5.0;
				TARGETED_DEVICE_FAMILY = "1,2";
				TEST_TARGET_NAME = FalconBrickDemo;
			};
			name = Debug;
		};
		EA7194B325F399D200C8CA7E /* Release */ = {
			isa = XCBuildConfiguration;
			buildSettings = {
				ALWAYS_EMBED_SWIFT_STANDARD_LIBRARIES = YES;
				CODE_SIGN_STYLE = Automatic;
				INFOPLIST_FILE = FalconBrickDemoUITests/Info.plist;
				LD_RUNPATH_SEARCH_PATHS = (
					"$(inherited)",
					"@executable_path/Frameworks",
					"@loader_path/Frameworks",
				);
				PRODUCT_BUNDLE_IDENTIFIER = com.OlaDemo.FalconBrickDemoUITests;
				PRODUCT_NAME = "$(TARGET_NAME)";
				SWIFT_VERSION = 5.0;
				TARGETED_DEVICE_FAMILY = "1,2";
				TEST_TARGET_NAME = FalconBrickDemo;
			};
			name = Release;
		};
/* End XCBuildConfiguration section */

/* Begin XCConfigurationList section */
		EA71947C25F399D100C8CA7E /* Build configuration list for PBXProject "FalconBrickDemo" */ = {
			isa = XCConfigurationList;
			buildConfigurations = (
				EA7194A925F399D200C8CA7E /* Debug */,
				EA7194AA25F399D200C8CA7E /* Release */,
			);
			defaultConfigurationIsVisible = 0;
			defaultConfigurationName = Release;
		};
		EA7194AB25F399D200C8CA7E /* Build configuration list for PBXNativeTarget "FalconBrickDemo" */ = {
			isa = XCConfigurationList;
			buildConfigurations = (
				EA7194AC25F399D200C8CA7E /* Debug */,
				EA7194AD25F399D200C8CA7E /* Release */,
			);
			defaultConfigurationIsVisible = 0;
			defaultConfigurationName = Release;
		};
		EA7194AE25F399D200C8CA7E /* Build configuration list for PBXNativeTarget "FalconBrickDemoTests" */ = {
			isa = XCConfigurationList;
			buildConfigurations = (
				EA7194AF25F399D200C8CA7E /* Debug */,
				EA7194B025F399D200C8CA7E /* Release */,
			);
			defaultConfigurationIsVisible = 0;
			defaultConfigurationName = Release;
		};
		EA7194B125F399D200C8CA7E /* Build configuration list for PBXNativeTarget "FalconBrickDemoUITests" */ = {
			isa = XCConfigurationList;
			buildConfigurations = (
				EA7194B225F399D200C8CA7E /* Debug */,
				EA7194B325F399D200C8CA7E /* Release */,
			);
			defaultConfigurationIsVisible = 0;
			defaultConfigurationName = Release;
		};
/* End XCConfigurationList section */
	};
	rootObject = EA71947925F399D100C8CA7E /* Project object */;
}
